{
    "requires": true,
    "lockfileVersion": 1,
    "dependencies": {
        "photoswipe": {
            "version": "5.4.3",
            "resolved": "https://registry.npmjs.org/photoswipe/-/photoswipe-5.4.3.tgz",
            "integrity": "sha512-9UC6oJBK4oXFZ5HcdlcvGkfEHsVrmE4csUdCQhEjHYb3PvPLO3PG7UhnPuOgjxwmhq5s17Un5NUdum01LgBDng=="
        }
    }
}
